
Microsoft Visual Studio Solution File, Format Version 12.00
# Visual Studio Version 16
VisualStudioVersion = 16.0.29503.13
MinimumVisualStudioVersion = 10.0.40219.1
Project("{FAE04EC0-301F-11D3-BF4B-00C04F79EFBC}") = "IO", "IO\IO.csproj", "{9098AB6A-0D1D-4EDC-A053-5A566D65F286}"
EndProject
Global
	GlobalSection(SolutionConfigurationPlatforms) = preSolution
		Debug|Any CPU = Debug|Any CPU
		Release|Any CPU = Release|Any CPU
	EndGlobalSection
	GlobalSection(ProjectConfigurationPlatforms) = postSolution
		{9098AB6A-0D1D-4EDC-A053-5A566D65F286}.Debug|Any CPU.ActiveCfg = Debug|Any CPU
		{9098AB6A-0D1D-4EDC-A053-5A566D65F286}.Debug|Any CPU.Build.0 = Debug|Any CPU
		{9098AB6A-0D1D-4EDC-A053-5A566D65F286}.Release|Any CPU.ActiveCfg = Release|Any CPU
		{9098AB6A-0D1D-4EDC-A053-5A566D65F286}.Release|Any CPU.Build.0 = Release|Any CPU
	EndGlobalSection
	GlobalSection(SolutionProperties) = preSolution
		HideSolutionNode = FALSE
	EndGlobalSection
	GlobalSection(ExtensibilityGlobals) = postSolution
		SolutionGuid = {AC6FEF54-6CFF-4138-9B58-870EEBA361F9}
	EndGlobalSection
EndGlobal
